
Microsoft Visual Studio Solution File, Format Version 10.00
# Visual C# Express 2008
Project("{FAE04EC0-301F-11D3-BF4B-00C04F79EFBC}") = "NotasUnopar", "NotasUnopar\NotasUnopar.csproj", "{C76FB5F0-EC56-4EE1-9D45-69D5EA0BD44E}"
EndProject
Global
	GlobalSection(SolutionConfigurationPlatforms) = preSolution
		Debug|Any CPU = Debug|Any CPU
		Release|Any CPU = Release|Any CPU
	EndGlobalSection
	GlobalSection(ProjectConfigurationPlatforms) = postSolution
		{C76FB5F0-EC56-4EE1-9D45-69D5EA0BD44E}.Debug|Any CPU.ActiveCfg = Debug|Any CPU
		{C76FB5F0-EC56-4EE1-9D45-69D5EA0BD44E}.Debug|Any CPU.Build.0 = Debug|Any CPU
		{C76FB5F0-EC56-4EE1-9D45-69D5EA0BD44E}.Release|Any CPU.ActiveCfg = Release|Any CPU
		{C76FB5F0-EC56-4EE1-9D45-69D5EA0BD44E}.Release|Any CPU.Build.0 = Release|Any CPU
	EndGlobalSection
	GlobalSection(SolutionProperties) = preSolution
		HideSolutionNode = FALSE
	EndGlobalSection
EndGlobal
